{
    "_readme": [
        "This file locks the dependencies of your project to a known state",
        "Read more about it at https://getcomposer.org/doc/01-basic-usage.md#composer-lock-the-lock-file",
        "This file is @generated automatically"
    ],
    "hash": "8d3b6298480dea5a1e5f9eee1cf17deb",
    "content-hash": "2f9bcb1b336954ad1420115cb080cc8e",
    "packages": [
        {
            "name": "composer/installers",
            "version": "v1.4.0",
            "source": {
                "type": "git",
                "url": "https://github.com/composer/installers.git",
                "reference": "9ce17fb70e9a38dd8acff0636a29f5cf4d575c1b"
            },
            "dist": {
                "type": "zip",
                "url": "https://api.github.com/repos/composer/installers/zipball/9ce17fb70e9a38dd8acff0636a29f5cf4d575c1b",
                "reference": "9ce17fb70e9a38dd8acff0636a29f5cf4d575c1b",
                "shasum": ""
            },
            "require": {
                "composer-plugin-api": "^1.0"
            },
            "replace": {
                "roundcube/plugin-installer": "*",
                "shama/baton": "*"
            },
            "require-dev": {
                "composer/composer": "1.0.*@dev",
                "phpunit/phpunit": "4.1.*"
            },
            "type": "composer-plugin",
            "extra": {
                "class": "Composer\\Installers\\Plugin",
                "branch-alias": {
                    "dev-master": "1.0-dev"
                }
            },
            "autoload": {
                "psr-4": {
                    "Composer\\Installers\\": "src/Composer/Installers"
                }
            },
            "notification-url": "https://packagist.org/downloads/",
            "license": [
                "MIT"
            ],
            "authors": [
                {
                    "name": "Kyle Robinson Young",
                    "email": "kyle@dontkry.com",
                    "homepage": "https://github.com/shama"
                }
            ],
            "description": "A multi-framework Composer library installer",
            "homepage": "https://composer.github.io/installers/",
            "keywords": [
                "Craft",
                "Dolibarr",
                "Eliasis",
                "Hurad",
                "ImageCMS",
                "Kanboard",
                "Lan Management System",
                "MODX Evo",
                "Mautic",
                "Maya",
                "OXID",
                "Plentymarkets",
                "Porto",
                "RadPHP",
                "SMF",
                "Thelia",
                "WolfCMS",
                "agl",
                "aimeos",
                "annotatecms",
                "attogram",
                "bitrix",
                "cakephp",
                "chef",
                "cockpit",
                "codeigniter",
                "concrete5",
                "croogo",
                "dokuwiki",
                "drupal",
                "eZ Platform",
                "elgg",
                "expressionengine",
                "fuelphp",
                "grav",
                "installer",
                "itop",
                "joomla",
                "kohana",
                "laravel",
                "lavalite",
                "lithium",
                "magento",
                "mako",
                "mediawiki",
                "modulework",
                "moodle",
                "osclass",
                "phpbb",
                "piwik",
                "ppi",
                "puppet",
                "reindex",
                "roundcube",
                "shopware",
                "silverstripe",
                "sydes",
                "symfony",
                "typo3",
                "wordpress",
                "yawik",
                "zend",
                "zikula"
            ],
            "time": "2017-08-09 07:53:48"
        },
        {
            "name": "devgeniem/dustpress",
            "version": "1.15.0",
            "source": {
                "type": "git",
                "url": "https://github.com/devgeniem/dustpress.git",
                "reference": "1db385b1d9446bc824ea5b82d286d7f7ec49973b"
            },
            "dist": {
                "type": "zip",
                "url": "https://api.github.com/repos/devgeniem/dustpress/zipball/1db385b1d9446bc824ea5b82d286d7f7ec49973b",
                "reference": "1db385b1d9446bc824ea5b82d286d7f7ec49973b",
                "shasum": ""
            },
            "type": "library",
            "autoload": {
                "files": [
                    "dustpress.php"
                ]
            },
            "notification-url": "https://packagist.org/downloads/",
            "license": [
                "GPL-3.0"
            ],
            "authors": [
                {
                    "name": "Miika Arponen",
                    "email": "miika.arponen@geniem.com",
                    "homepage": "http://geniem.com/",
                    "role": "Developer"
                },
                {
                    "name": "Ville Siltala",
                    "email": "ville.siltala@geniem.com",
                    "homepage": "http://geniem.com/",
                    "role": "Developer"
                }
            ],
            "description": "WordPress Theme Framework.",
            "keywords": [
                "dustjs",
                "dustpress",
                "framework",
                "javascript",
                "theme",
                "wordpress"
            ],
            "time": "2018-05-09 10:18:19"
        },
        {
            "name": "devgeniem/dustpress-debugger",
            "version": "1.3.4",
            "source": {
                "type": "git",
                "url": "https://github.com/devgeniem/dustpress-debugger.git",
                "reference": "69fb6256704df659a9c7d5f2f354fafa78e45aa7"
            },
            "dist": {
                "type": "zip",
                "url": "https://api.github.com/repos/devgeniem/dustpress-debugger/zipball/69fb6256704df659a9c7d5f2f354fafa78e45aa7",
                "reference": "69fb6256704df659a9c7d5f2f354fafa78e45aa7",
                "shasum": ""
            },
            "require": {
                "composer/installers": "^1.0.12",
                "devgeniem/dustpress": ">=0.4.0.2",
                "php": ">=5.4"
            },
            "type": "wordpress-plugin",
            "notification-url": "https://packagist.org/downloads/",
            "license": [
                "GPL-3.0"
            ],
            "authors": [
                {
                    "name": "Miika Arponen",
                    "email": "miika.arponen@geniem.com",
                    "homepage": "http://geniem.com/",
                    "role": "Developer"
                },
                {
                    "name": "Ville Siltala",
                    "email": "ville.siltala@geniem.com",
                    "homepage": "http://geniem.com/",
                    "role": "Developer"
                }
            ],
            "description": "Provides handy ajaxified debugger tool for DustPress based themes.",
            "keywords": [
                "debugger",
                "dustjs",
                "dustpress",
                "framework",
                "javascript",
                "plugin",
                "theme",
                "wordpress"
            ],
            "time": "2017-06-02 14:37:56"
        },
        {
            "name": "devgeniem/dustpress-js",
            "version": "1.1.3",
            "source": {
                "type": "git",
                "url": "https://github.com/devgeniem/dustpress-js.git",
                "reference": "5cea474d02ec082daef8f32b4ccbad1b94321cf9"
            },
            "dist": {
                "type": "zip",
                "url": "https://api.github.com/repos/devgeniem/dustpress-js/zipball/5cea474d02ec082daef8f32b4ccbad1b94321cf9",
                "reference": "5cea474d02ec082daef8f32b4ccbad1b94321cf9",
                "shasum": ""
            },
            "require": {
                "composer/installers": "^1.0.12",
                "devgeniem/dustpress": ">=0.4.0",
                "php": ">=5.4"
            },
            "type": "wordpress-plugin",
            "notification-url": "https://packagist.org/downloads/",
            "license": [
                "GPL-3.0"
            ],
            "authors": [
                {
                    "name": "Ville Siltala",
                    "email": "ville.siltala@geniem.com",
                    "homepage": "http://geniem.com/",
                    "role": "Developer"
                },
                {
                    "name": "Miika Arponen",
                    "email": "miika.arponen@geniem.com",
                    "homepage": "https://github.com/Nomafin"
                }
            ],
            "description": "A DustPress plugin that provides a handy JavaScript library for using your DustPress Model methods on the front end.",
            "keywords": [
                "debugger",
                "dustjs",
                "dustpress",
                "framework",
                "javascript",
                "plugin",
                "theme",
                "wordpress"
            ],
            "time": "2017-10-04 12:10:25"
        },
        {
            "name": "devgeniem/dustpress-responsive-background-image",
            "version": "v0.0.3",
            "source": {
                "type": "git",
                "url": "git@github.com:devgeniem/dustpress-responsive-background-image.git",
                "reference": "ad76287d3530bf0c186350f2bd94b1c5b5ff717d"
            },
            "require": {
                "composer/installers": "^1.0.12",
                "php": ">=5.4"
            },
            "type": "wordpress-plugin",
            "autoload": {
                "psr-4": {
                    "DustPress\\ResponsiveBackgroundImage\\": "src/"
                }
            },
            "license": [
                "GPL-3.0"
            ],
            "authors": [
                {
                    "name": "Mats Tuovinen",
                    "email": "mats.tuovinen@geniem.com",
                    "homepage": "http://geniem.com/",
                    "role": "Developer"
                }
            ],
            "description": "A WordPress plugin that enables using responsive background images on elements for DustPress based themes.",
            "keywords": [
                "dustpress",
                "images",
                "plugin",
                "responsive",
                "wordpress"
            ],
            "time": "2017-06-13 14:36:30"
        },
        {
            "name": "johnpbloch/wordpress",
            "version": "4.9.1",
            "source": {
                "type": "git",
                "url": "https://github.com/johnpbloch/wordpress.git",
                "reference": "988875c1ec9f0474d1f77038b7a52f91125fc5f4"
            },
            "dist": {
                "type": "zip",
                "url": "https://api.github.com/repos/johnpbloch/wordpress/zipball/988875c1ec9f0474d1f77038b7a52f91125fc5f4",
                "reference": "988875c1ec9f0474d1f77038b7a52f91125fc5f4",
                "shasum": ""
            },
            "require": {
                "johnpbloch/wordpress-core": "4.9.1",
                "johnpbloch/wordpress-core-installer": "^1.0",
                "php": ">=5.3.2"
            },
            "type": "package",
            "notification-url": "https://packagist.org/downloads/",
            "license": [
                "GPL-2.0+"
            ],
            "authors": [
                {
                    "name": "WordPress Community",
                    "homepage": "http://wordpress.org/about/"
                }
            ],
            "description": "WordPress is web software you can use to create a beautiful website or blog.",
            "homepage": "http://wordpress.org/",
            "keywords": [
                "blog",
                "cms",
                "wordpress"
            ],
            "time": "2017-11-29 21:57:18"
        },
        {
            "name": "johnpbloch/wordpress-core",
            "version": "4.9.1",
            "source": {
                "type": "git",
                "url": "https://github.com/johnpbloch/wordpress-core.git",
                "reference": "e47f6652557c3160ee432c2fca5594ac1a8698f5"
            },
            "dist": {
                "type": "zip",
                "url": "https://api.github.com/repos/johnpbloch/wordpress-core/zipball/e47f6652557c3160ee432c2fca5594ac1a8698f5",
                "reference": "e47f6652557c3160ee432c2fca5594ac1a8698f5",
                "shasum": ""
            },
            "require": {
                "php": ">=5.3.2"
            },
            "provide": {
                "wordpress/core-implementation": "4.9.1"
            },
            "type": "wordpress-core",
            "notification-url": "https://packagist.org/downloads/",
            "license": [
                "GPL-2.0+"
            ],
            "authors": [
                {
                    "name": "WordPress Community",
                    "homepage": "http://wordpress.org/about/"
                }
            ],
            "description": "WordPress is web software you can use to create a beautiful website or blog.",
            "homepage": "http://wordpress.org/",
            "keywords": [
                "blog",
                "cms",
                "wordpress"
            ],
            "time": "2017-11-29 21:57:13"
        },
        {
            "name": "johnpbloch/wordpress-core-installer",
            "version": "1.0.0",
            "source": {
                "type": "git",
                "url": "https://github.com/johnpbloch/wordpress-core-installer.git",
                "reference": "e9e767f2d9f994f358c34b41def2c410ad8717f2"
            },
            "dist": {
                "type": "zip",
                "url": "https://api.github.com/repos/johnpbloch/wordpress-core-installer/zipball/e9e767f2d9f994f358c34b41def2c410ad8717f2",
                "reference": "e9e767f2d9f994f358c34b41def2c410ad8717f2",
                "shasum": ""
            },
            "require": {
                "composer-plugin-api": "^1.0"
            },
            "conflict": {
                "composer/installers": "<1.0.6"
            },
            "require-dev": {
                "composer/composer": "^1.0",
                "phpunit/phpunit": ">=4.8.35"
            },
            "type": "composer-plugin",
            "extra": {
                "class": "johnpbloch\\Composer\\WordPressCorePlugin"
            },
            "autoload": {
                "psr-0": {
                    "johnpbloch\\Composer\\": "src/"
                }
            },
            "notification-url": "https://packagist.org/downloads/",
            "license": [
                "GPL-2.0+"
            ],
            "authors": [
                {
                    "name": "John P. Bloch",
                    "email": "me@johnpbloch.com"
                }
            ],
            "description": "A custom installer to handle deploying WordPress with composer",
            "keywords": [
                "wordpress"
            ],
            "time": "2017-05-31 18:42:33"
        },
        {
            "name": "partio-scout/wordpress-advanced-custom-fields-pro",
            "version": "5.3.0",
            "source": {
                "type": "git",
                "url": "git@github.com:partio-scout/wordpress-advanced-custom-fields-pro.git",
                "reference": "19b40278f4ce86e4e2adfef08fba1164daaafc0a"
            },
            "type": "wordpress-plugin",
            "extra": {
                "installer-name": "advanced-custom-fields-pro"
            },
            "license": [
                "GPLv2 or later"
            ],
            "authors": [
                {
                    "name": "elliotcondon"
                }
            ],
            "description": "Customise WordPress with powerful, professional and intuitive fields",
            "time": "2017-04-25 11:06:39"
        },
        {
            "name": "predis/predis",
            "version": "v1.1.1",
            "source": {
                "type": "git",
                "url": "https://github.com/nrk/predis.git",
                "reference": "f0210e38881631afeafb56ab43405a92cafd9fd1"
            },
            "dist": {
                "type": "zip",
                "url": "https://api.github.com/repos/nrk/predis/zipball/f0210e38881631afeafb56ab43405a92cafd9fd1",
                "reference": "f0210e38881631afeafb56ab43405a92cafd9fd1",
                "shasum": ""
            },
            "require": {
                "php": ">=5.3.9"
            },
            "require-dev": {
                "phpunit/phpunit": "~4.8"
            },
            "suggest": {
                "ext-curl": "Allows access to Webdis when paired with phpiredis",
                "ext-phpiredis": "Allows faster serialization and deserialization of the Redis protocol"
            },
            "type": "library",
            "autoload": {
                "psr-4": {
                    "Predis\\": "src/"
                }
            },
            "notification-url": "https://packagist.org/downloads/",
            "license": [
                "MIT"
            ],
            "authors": [
                {
                    "name": "Daniele Alessandri",
                    "email": "suppakilla@gmail.com",
                    "homepage": "http://clorophilla.net"
                }
            ],
            "description": "Flexible and feature-complete Redis client for PHP and HHVM",
            "homepage": "http://github.com/nrk/predis",
            "keywords": [
                "nosql",
                "predis",
                "redis"
            ],
            "time": "2016-06-16 16:22:20"
        },
        {
            "name": "vlucas/phpdotenv",
            "version": "v2.4.0",
            "source": {
                "type": "git",
                "url": "https://github.com/vlucas/phpdotenv.git",
                "reference": "3cc116adbe4b11be5ec557bf1d24dc5e3a21d18c"
            },
            "dist": {
                "type": "zip",
                "url": "https://api.github.com/repos/vlucas/phpdotenv/zipball/3cc116adbe4b11be5ec557bf1d24dc5e3a21d18c",
                "reference": "3cc116adbe4b11be5ec557bf1d24dc5e3a21d18c",
                "shasum": ""
            },
            "require": {
                "php": ">=5.3.9"
            },
            "require-dev": {
                "phpunit/phpunit": "^4.8 || ^5.0"
            },
            "type": "library",
            "extra": {
                "branch-alias": {
                    "dev-master": "2.4-dev"
                }
            },
            "autoload": {
                "psr-4": {
                    "Dotenv\\": "src/"
                }
            },
            "notification-url": "https://packagist.org/downloads/",
            "license": [
                "BSD-3-Clause-Attribution"
            ],
            "authors": [
                {
                    "name": "Vance Lucas",
                    "email": "vance@vancelucas.com",
                    "homepage": "http://www.vancelucas.com"
                }
            ],
            "description": "Loads environment variables from `.env` to `getenv()`, `$_ENV` and `$_SERVER` automagically.",
            "keywords": [
                "dotenv",
                "env",
                "environment"
            ],
            "time": "2016-09-01 10:05:43"
        },
        {
            "name": "wpackagist-plugin/user-switching",
            "version": "1.3.0",
            "source": {
                "type": "svn",
                "url": "https://plugins.svn.wordpress.org/user-switching/",
                "reference": "tags/1.3.0"
            },
            "dist": {
                "type": "zip",
                "url": "https://downloads.wordpress.org/plugin/user-switching.1.3.0.zip",
                "reference": "tags/1.3.0",
                "shasum": null
            },
            "require": {
                "composer/installers": "~1.0"
            },
            "type": "wordpress-plugin",
            "homepage": "https://wordpress.org/plugins/user-switching/"
        }
    ],
    "packages-dev": [],
    "aliases": [],
    "minimum-stability": "stable",
    "stability-flags": [],
    "prefer-stable": false,
    "prefer-lowest": false,
    "platform": [],
    "platform-dev": []
}
