{
    "_readme": [
        "This file locks the dependencies of your project to a known state",
        "Read more about it at https://getcomposer.org/doc/01-basic-usage.md#installing-dependencies",
        "This file is @generated automatically"
    ],
    "content-hash": "0e9d9d1c8e8fe19d164b6e929385685c",
    "packages": [
        {
            "name": "composer/installers",
            "version": "v1.5.0",
            "source": {
                "type": "git",
                "url": "https://github.com/composer/installers.git",
                "reference": "049797d727261bf27f2690430d935067710049c2"
            },
            "dist": {
                "type": "zip",
                "url": "https://api.github.com/repos/composer/installers/zipball/049797d727261bf27f2690430d935067710049c2",
                "reference": "049797d727261bf27f2690430d935067710049c2",
                "shasum": ""
            },
            "require": {
                "composer-plugin-api": "^1.0"
            },
            "replace": {
                "roundcube/plugin-installer": "*",
                "shama/baton": "*"
            },
            "require-dev": {
                "composer/composer": "1.0.*@dev",
                "phpunit/phpunit": "^4.8.36"
            },
            "type": "composer-plugin",
            "extra": {
                "class": "Composer\\Installers\\Plugin",
                "branch-alias": {
                    "dev-master": "1.0-dev"
                }
            },
            "autoload": {
                "psr-4": {
                    "Composer\\Installers\\": "src/Composer/Installers"
                }
            },
            "notification-url": "https://packagist.org/downloads/",
            "license": [
                "MIT"
            ],
            "authors": [
                {
                    "name": "Kyle Robinson Young",
                    "email": "kyle@dontkry.com",
                    "homepage": "https://github.com/shama"
                }
            ],
            "description": "A multi-framework Composer library installer",
            "homepage": "https://composer.github.io/installers/",
            "keywords": [
                "Craft",
                "Dolibarr",
                "Eliasis",
                "Hurad",
                "ImageCMS",
                "Kanboard",
                "Lan Management System",
                "MODX Evo",
                "Mautic",
                "Maya",
                "OXID",
                "Plentymarkets",
                "Porto",
                "RadPHP",
                "SMF",
                "Thelia",
                "WolfCMS",
                "agl",
                "aimeos",
                "annotatecms",
                "attogram",
                "bitrix",
                "cakephp",
                "chef",
                "cockpit",
                "codeigniter",
                "concrete5",
                "croogo",
                "dokuwiki",
                "drupal",
                "eZ Platform",
                "elgg",
                "expressionengine",
                "fuelphp",
                "grav",
                "installer",
                "itop",
                "joomla",
                "kohana",
                "laravel",
                "lavalite",
                "lithium",
                "magento",
                "majima",
                "mako",
                "mediawiki",
                "modulework",
                "modx",
                "moodle",
                "osclass",
                "phpbb",
                "piwik",
                "ppi",
                "puppet",
                "pxcms",
                "reindex",
                "roundcube",
                "shopware",
                "silverstripe",
                "sydes",
                "symfony",
                "typo3",
                "wordpress",
                "yawik",
                "zend",
                "zikula"
            ],
            "time": "2017-12-29T09:13:20+00:00"
        },
        {
            "name": "devgeniem/classic-editor",
            "version": "0.4.0",
            "source": {
                "type": "git",
                "url": "git@github.com:devgeniem/classic-editor.git",
                "reference": "5c29bbf74e344db4dd5017f4638046ccaa637555"
            },
            "type": "wordpress-muplugin",
            "license": [
                "GPL-2.0+"
            ],
            "authors": [
                {
                    "name": "Andrew Ozz",
                    "homepage": "https://github.com/azaozz/"
                },
                {
                    "name": "Ville Siltala",
                    "email": "ville.siltala@geniem.com",
                    "homepage": "https://geniem.com/"
                }
            ],
            "description": "Classic Editor WordPress plugin",
            "time": "2018-08-08T12:35:00+00:00"
        },
        {
            "name": "devgeniem/dustpress",
            "version": "1.16.1",
            "source": {
                "type": "git",
                "url": "https://github.com/devgeniem/dustpress.git",
                "reference": "68514776fd2a572ac4552de3538d75b9eeb99e4d"
            },
            "dist": {
                "type": "zip",
                "url": "https://api.github.com/repos/devgeniem/dustpress/zipball/68514776fd2a572ac4552de3538d75b9eeb99e4d",
                "reference": "68514776fd2a572ac4552de3538d75b9eeb99e4d",
                "shasum": ""
            },
            "type": "library",
            "autoload": {
                "files": [
                    "dustpress.php"
                ]
            },
            "notification-url": "https://packagist.org/downloads/",
            "license": [
                "GPL-3.0"
            ],
            "authors": [
                {
                    "name": "Miika Arponen",
                    "email": "miika.arponen@geniem.com",
                    "homepage": "http://geniem.com/",
                    "role": "Developer"
                },
                {
                    "name": "Ville Siltala",
                    "email": "ville.siltala@geniem.com",
                    "homepage": "http://geniem.com/",
                    "role": "Developer"
                }
            ],
            "description": "WordPress Theme Framework.",
            "keywords": [
                "dustjs",
                "dustpress",
                "framework",
                "javascript",
                "theme",
                "wordpress"
            ],
            "time": "2018-06-20T06:47:23+00:00"
        },
        {
            "name": "devgeniem/dustpress-debugger",
            "version": "1.3.4",
            "source": {
                "type": "git",
                "url": "https://github.com/devgeniem/dustpress-debugger.git",
                "reference": "69fb6256704df659a9c7d5f2f354fafa78e45aa7"
            },
            "dist": {
                "type": "zip",
                "url": "https://api.github.com/repos/devgeniem/dustpress-debugger/zipball/69fb6256704df659a9c7d5f2f354fafa78e45aa7",
                "reference": "69fb6256704df659a9c7d5f2f354fafa78e45aa7",
                "shasum": ""
            },
            "require": {
                "composer/installers": "^1.0.12",
                "devgeniem/dustpress": ">=0.4.0.2",
                "php": ">=5.4"
            },
            "type": "wordpress-plugin",
            "notification-url": "https://packagist.org/downloads/",
            "license": [
                "GPL-3.0"
            ],
            "authors": [
                {
                    "name": "Miika Arponen",
                    "email": "miika.arponen@geniem.com",
                    "homepage": "http://geniem.com/",
                    "role": "Developer"
                },
                {
                    "name": "Ville Siltala",
                    "email": "ville.siltala@geniem.com",
                    "homepage": "http://geniem.com/",
                    "role": "Developer"
                }
            ],
            "description": "Provides handy ajaxified debugger tool for DustPress based themes.",
            "keywords": [
                "debugger",
                "dustjs",
                "dustpress",
                "framework",
                "javascript",
                "plugin",
                "theme",
                "wordpress"
            ],
            "time": "2017-06-02T14:37:56+00:00"
        },
        {
            "name": "devgeniem/dustpress-js",
            "version": "3.0.3",
            "source": {
                "type": "git",
                "url": "https://github.com/devgeniem/dustpress-js.git",
                "reference": "ee41bcfb34798e1b7fed9783bcf6ec85a81d398a"
            },
            "dist": {
                "type": "zip",
                "url": "https://api.github.com/repos/devgeniem/dustpress-js/zipball/ee41bcfb34798e1b7fed9783bcf6ec85a81d398a",
                "reference": "ee41bcfb34798e1b7fed9783bcf6ec85a81d398a",
                "shasum": ""
            },
            "require": {
                "composer/installers": "^1.0.12",
                "devgeniem/dustpress": ">=1.16.1",
                "php": ">=7.0"
            },
            "type": "wordpress-plugin",
            "notification-url": "https://packagist.org/downloads/",
            "license": [
                "GPL-3.0"
            ],
            "authors": [
                {
                    "name": "Ville Siltala",
                    "email": "ville.siltala@geniem.com",
                    "homepage": "http://geniem.com/",
                    "role": "Developer"
                },
                {
                    "name": "Miika Arponen",
                    "email": "miika.arponen@geniem.com",
                    "homepage": "https://github.com/Nomafin"
                }
            ],
            "description": "A DustPress plugin that provides a handy JavaScript library for using your DustPress Model methods on the front end.",
            "keywords": [
                "debugger",
                "dustjs",
                "dustpress",
                "framework",
                "javascript",
                "plugin",
                "theme",
                "wordpress"
            ],
            "time": "2018-08-08T11:55:55+00:00"
        },
        {
            "name": "devgeniem/dustpress-responsive-background-image",
            "version": "2.0.2",
            "source": {
                "type": "git",
                "url": "git@github.com:devgeniem/dustpress-responsive-background-image.git",
                "reference": "7fa44e046ee62196322b612d4d1a40b224283daa"
            },
            "require": {
                "composer/installers": "^1.0.12",
                "php": ">=5.4"
            },
            "type": "wordpress-plugin",
            "autoload": {
                "psr-4": {
                    "DustPress\\ResponsiveBackgroundImage\\": "src/"
                }
            },
            "license": [
                "GPL-3.0"
            ],
            "authors": [
                {
                    "name": "Mats Tuovinen",
                    "email": "mats.tuovinen@geniem.com",
                    "homepage": "http://geniem.com/",
                    "role": "Developer"
                }
            ],
            "description": "A WordPress plugin that enables using responsive background images on elements for DustPress based themes.",
            "keywords": [
                "dustpress",
                "images",
                "plugin",
                "responsive",
                "wordpress"
            ],
            "time": "2018-02-22T07:52:11+00:00"
        },
        {
            "name": "devgeniem/ext-relevanssi-premium",
            "version": "2.1.5.1",
            "source": {
                "type": "git",
                "url": "git@github.com:devgeniem/ext-relevanssi-premium.git",
                "reference": "6b69b687eb4b22113c6922f50d1139fad127b323"
            },
            "type": "wordpress-plugin",
            "extra": {
                "installer-name": "relevanssi-premium"
            },
            "license": [
                "GPL-2.0+"
            ],
            "authors": [
                {
                    "name": "msaari"
                }
            ],
            "description": "Relevanssi Premium replaces the default search with a partial-match search that sorts results by relevance. It also indexes comments and shortcode content.",
            "time": "2018-05-11T06:20:00+00:00"
        },
        {
            "name": "devgeniem/wp-redis-object-cache-dropin",
            "version": "1.3.4.1",
            "source": {
                "type": "git",
                "url": "git@github.com:devgeniem/wp-redis-object-cache-dropin.git",
                "reference": "0e814c7cf8dae4d25ba6987f6d7bcf4504c04091"
            },
            "require": {
                "composer/installers": "~1.0",
                "koodimonni/composer-dropin-installer": ">=1.0.1"
            },
            "type": "wordpress-dropin",
            "license": [
                "GPL-3.0+"
            ],
            "authors": [
                {
                    "name": "Till Krüss",
                    "homepage": "https://till.kruss.me/",
                    "role": "Developer"
                }
            ],
            "description": "A persistent object cache backend for WordPress powered by Redis. Supports Predis, PhpRedis, HHVM, replication and clustering.",
            "homepage": "https://github.com/devgeniem/wp-redis-object-cache-dropin",
            "time": "2016-10-30T19:28:29+00:00"
        },
        {
            "name": "filp/whoops",
            "version": "2.2.1",
            "source": {
                "type": "git",
                "url": "https://github.com/filp/whoops.git",
                "reference": "e79cd403fb77fc8963a99ecc30e80ddd885b3311"
            },
            "dist": {
                "type": "zip",
                "url": "https://api.github.com/repos/filp/whoops/zipball/e79cd403fb77fc8963a99ecc30e80ddd885b3311",
                "reference": "e79cd403fb77fc8963a99ecc30e80ddd885b3311",
                "shasum": ""
            },
            "require": {
                "php": "^5.5.9 || ^7.0",
                "psr/log": "^1.0.1"
            },
            "require-dev": {
                "mockery/mockery": "^0.9 || ^1.0",
                "phpunit/phpunit": "^4.8.35 || ^5.7",
                "symfony/var-dumper": "^2.6 || ^3.0 || ^4.0"
            },
            "suggest": {
                "symfony/var-dumper": "Pretty print complex values better with var-dumper available",
                "whoops/soap": "Formats errors as SOAP responses"
            },
            "type": "library",
            "extra": {
                "branch-alias": {
                    "dev-master": "2.2-dev"
                }
            },
            "autoload": {
                "psr-4": {
                    "Whoops\\": "src/Whoops/"
                }
            },
            "notification-url": "https://packagist.org/downloads/",
            "license": [
                "MIT"
            ],
            "authors": [
                {
                    "name": "Filipe Dobreira",
                    "homepage": "https://github.com/filp",
                    "role": "Developer"
                }
            ],
            "description": "php error handling for cool kids",
            "homepage": "https://filp.github.io/whoops/",
            "keywords": [
                "error",
                "exception",
                "handling",
                "library",
                "throwable",
                "whoops"
            ],
            "time": "2018-06-30T13:14:06+00:00"
        },
        {
            "name": "johnpbloch/wordpress",
            "version": "4.9.8",
            "source": {
                "type": "git",
                "url": "https://github.com/johnpbloch/wordpress.git",
                "reference": "de02cd79a41e06f36558040724414197cb7f6246"
            },
            "dist": {
                "type": "zip",
                "url": "https://api.github.com/repos/johnpbloch/wordpress/zipball/de02cd79a41e06f36558040724414197cb7f6246",
                "reference": "de02cd79a41e06f36558040724414197cb7f6246",
                "shasum": ""
            },
            "require": {
                "johnpbloch/wordpress-core": "4.9.8",
                "johnpbloch/wordpress-core-installer": "^1.0",
                "php": ">=5.3.2"
            },
            "type": "package",
            "notification-url": "https://packagist.org/downloads/",
            "license": [
                "GPL-2.0+"
            ],
            "authors": [
                {
                    "name": "WordPress Community",
                    "homepage": "http://wordpress.org/about/"
                }
            ],
            "description": "WordPress is web software you can use to create a beautiful website or blog.",
            "homepage": "http://wordpress.org/",
            "keywords": [
                "blog",
                "cms",
                "wordpress"
            ],
            "time": "2018-08-02T21:48:39+00:00"
        },
        {
            "name": "johnpbloch/wordpress-core",
            "version": "4.9.8",
            "source": {
                "type": "git",
                "url": "https://github.com/johnpbloch/wordpress-core.git",
                "reference": "50323f9b91d7689d615b4af02caf9d80584b1cfc"
            },
            "dist": {
                "type": "zip",
                "url": "https://api.github.com/repos/johnpbloch/wordpress-core/zipball/50323f9b91d7689d615b4af02caf9d80584b1cfc",
                "reference": "50323f9b91d7689d615b4af02caf9d80584b1cfc",
                "shasum": ""
            },
            "require": {
                "php": ">=5.3.2"
            },
            "provide": {
                "wordpress/core-implementation": "4.9.8"
            },
            "type": "wordpress-core",
            "notification-url": "https://packagist.org/downloads/",
            "license": [
                "GPL-2.0-or-later"
            ],
            "authors": [
                {
                    "name": "WordPress Community",
                    "homepage": "http://wordpress.org/about/"
                }
            ],
            "description": "WordPress is web software you can use to create a beautiful website or blog.",
            "homepage": "http://wordpress.org/",
            "keywords": [
                "blog",
                "cms",
                "wordpress"
            ],
            "time": "2018-08-02T21:48:32+00:00"
        },
        {
            "name": "johnpbloch/wordpress-core-installer",
            "version": "1.0.0.2",
            "source": {
                "type": "git",
                "url": "https://github.com/johnpbloch/wordpress-core-installer.git",
                "reference": "7941acd71725710a789daabe0557429da63e7ac6"
            },
            "dist": {
                "type": "zip",
                "url": "https://api.github.com/repos/johnpbloch/wordpress-core-installer/zipball/7941acd71725710a789daabe0557429da63e7ac6",
                "reference": "7941acd71725710a789daabe0557429da63e7ac6",
                "shasum": ""
            },
            "require": {
                "composer-plugin-api": "^1.0"
            },
            "conflict": {
                "composer/installers": "<1.0.6"
            },
            "require-dev": {
                "composer/composer": "^1.0",
                "phpunit/phpunit": ">=4.8.35"
            },
            "type": "composer-plugin",
            "extra": {
                "class": "johnpbloch\\Composer\\WordPressCorePlugin"
            },
            "autoload": {
                "psr-0": {
                    "johnpbloch\\Composer\\": "src/"
                }
            },
            "notification-url": "https://packagist.org/downloads/",
            "license": [
                "GPL-2.0+"
            ],
            "authors": [
                {
                    "name": "John P. Bloch",
                    "email": "me@johnpbloch.com"
                }
            ],
            "description": "A custom installer to handle deploying WordPress with composer",
            "keywords": [
                "wordpress"
            ],
            "time": "2018-01-29T14:49:29+00:00"
        },
        {
            "name": "koodimonni/composer-dropin-installer",
            "version": "1.2",
            "source": {
                "type": "git",
                "url": "https://github.com/Koodimonni/Composer-Dropin-Installer.git",
                "reference": "a749f19e3a3bc05529190961ed7529592b20138e"
            },
            "dist": {
                "type": "zip",
                "url": "https://api.github.com/repos/Koodimonni/Composer-Dropin-Installer/zipball/a749f19e3a3bc05529190961ed7529592b20138e",
                "reference": "a749f19e3a3bc05529190961ed7529592b20138e",
                "shasum": ""
            },
            "require": {
                "composer-plugin-api": "^1.0"
            },
            "require-dev": {
                "phpunit/phpunit": "3.7.*-dev"
            },
            "type": "composer-plugin",
            "extra": {
                "class": "Koodimonni\\Composer\\Dropin"
            },
            "autoload": {
                "psr-4": {
                    "Koodimonni\\Composer\\": "src"
                }
            },
            "notification-url": "https://packagist.org/downloads/",
            "license": [
                "WTFPL"
            ],
            "authors": [
                {
                    "name": "Onni Hakala",
                    "email": "onni@koodimonni.fi",
                    "role": "Developer"
                }
            ],
            "description": "Install packages or a few files from packages into custom paths without overwriting existing stuff.",
            "time": "2018-02-04T10:52:01+00:00"
        },
        {
            "name": "partio-scout/wordpress-advanced-custom-fields-pro",
            "version": "5.3.0",
            "source": {
                "type": "git",
                "url": "git@github.com:partio-scout/wordpress-advanced-custom-fields-pro.git",
                "reference": "19b40278f4ce86e4e2adfef08fba1164daaafc0a"
            },
            "type": "wordpress-plugin",
            "extra": {
                "installer-name": "advanced-custom-fields-pro"
            },
            "license": [
                "GPLv2 or later"
            ],
            "authors": [
                {
                    "name": "elliotcondon"
                }
            ],
            "description": "Customise WordPress with powerful, professional and intuitive fields",
            "time": "2017-04-25T11:06:39+00:00"
        },
        {
            "name": "predis/predis",
            "version": "v1.1.1",
            "source": {
                "type": "git",
                "url": "https://github.com/nrk/predis.git",
                "reference": "f0210e38881631afeafb56ab43405a92cafd9fd1"
            },
            "dist": {
                "type": "zip",
                "url": "https://api.github.com/repos/nrk/predis/zipball/f0210e38881631afeafb56ab43405a92cafd9fd1",
                "reference": "f0210e38881631afeafb56ab43405a92cafd9fd1",
                "shasum": ""
            },
            "require": {
                "php": ">=5.3.9"
            },
            "require-dev": {
                "phpunit/phpunit": "~4.8"
            },
            "suggest": {
                "ext-curl": "Allows access to Webdis when paired with phpiredis",
                "ext-phpiredis": "Allows faster serialization and deserialization of the Redis protocol"
            },
            "type": "library",
            "autoload": {
                "psr-4": {
                    "Predis\\": "src/"
                }
            },
            "notification-url": "https://packagist.org/downloads/",
            "license": [
                "MIT"
            ],
            "authors": [
                {
                    "name": "Daniele Alessandri",
                    "email": "suppakilla@gmail.com",
                    "homepage": "http://clorophilla.net"
                }
            ],
            "description": "Flexible and feature-complete Redis client for PHP and HHVM",
            "homepage": "http://github.com/nrk/predis",
            "keywords": [
                "nosql",
                "predis",
                "redis"
            ],
            "time": "2016-06-16T16:22:20+00:00"
        },
        {
            "name": "psr/log",
            "version": "1.0.2",
            "source": {
                "type": "git",
                "url": "https://github.com/php-fig/log.git",
                "reference": "4ebe3a8bf773a19edfe0a84b6585ba3d401b724d"
            },
            "dist": {
                "type": "zip",
                "url": "https://api.github.com/repos/php-fig/log/zipball/4ebe3a8bf773a19edfe0a84b6585ba3d401b724d",
                "reference": "4ebe3a8bf773a19edfe0a84b6585ba3d401b724d",
                "shasum": ""
            },
            "require": {
                "php": ">=5.3.0"
            },
            "type": "library",
            "extra": {
                "branch-alias": {
                    "dev-master": "1.0.x-dev"
                }
            },
            "autoload": {
                "psr-4": {
                    "Psr\\Log\\": "Psr/Log/"
                }
            },
            "notification-url": "https://packagist.org/downloads/",
            "license": [
                "MIT"
            ],
            "authors": [
                {
                    "name": "PHP-FIG",
                    "homepage": "http://www.php-fig.org/"
                }
            ],
            "description": "Common interface for logging libraries",
            "homepage": "https://github.com/php-fig/log",
            "keywords": [
                "log",
                "psr",
                "psr-3"
            ],
            "time": "2016-10-10T12:19:37+00:00"
        },
        {
            "name": "vlucas/phpdotenv",
            "version": "v2.5.1",
            "source": {
                "type": "git",
                "url": "https://github.com/vlucas/phpdotenv.git",
                "reference": "8abb4f9aa89ddea9d52112c65bbe8d0125e2fa8e"
            },
            "dist": {
                "type": "zip",
                "url": "https://api.github.com/repos/vlucas/phpdotenv/zipball/8abb4f9aa89ddea9d52112c65bbe8d0125e2fa8e",
                "reference": "8abb4f9aa89ddea9d52112c65bbe8d0125e2fa8e",
                "shasum": ""
            },
            "require": {
                "php": ">=5.3.9"
            },
            "require-dev": {
                "phpunit/phpunit": "^4.8.35 || ^5.0"
            },
            "type": "library",
            "extra": {
                "branch-alias": {
                    "dev-master": "2.5-dev"
                }
            },
            "autoload": {
                "psr-4": {
                    "Dotenv\\": "src/"
                }
            },
            "notification-url": "https://packagist.org/downloads/",
            "license": [
                "BSD-3-Clause"
            ],
            "authors": [
                {
                    "name": "Vance Lucas",
                    "email": "vance@vancelucas.com",
                    "homepage": "http://www.vancelucas.com"
                }
            ],
            "description": "Loads environment variables from `.env` to `getenv()`, `$_ENV` and `$_SERVER` automagically.",
            "keywords": [
                "dotenv",
                "env",
                "environment"
            ],
            "time": "2018-07-29T20:33:41+00:00"
        },
        {
            "name": "wpackagist-plugin/redis-cache",
            "version": "1.3",
            "source": {
                "type": "svn",
                "url": "https://plugins.svn.wordpress.org/redis-cache/",
                "reference": "tags/1.3"
            },
            "dist": {
                "type": "zip",
                "url": "https://downloads.wordpress.org/plugin/redis-cache.1.3.zip",
                "reference": null,
                "shasum": null
            },
            "require": {
                "composer/installers": "~1.0"
            },
            "type": "wordpress-plugin",
            "homepage": "https://wordpress.org/plugins/redis-cache/"
        },
        {
            "name": "wpackagist-plugin/user-switching",
            "version": "1.3.1",
            "source": {
                "type": "svn",
                "url": "https://plugins.svn.wordpress.org/user-switching/",
                "reference": "tags/1.3.1"
            },
            "dist": {
                "type": "zip",
                "url": "https://downloads.wordpress.org/plugin/user-switching.1.3.1.zip",
                "reference": null,
                "shasum": null
            },
            "require": {
                "composer/installers": "~1.0"
            },
            "type": "wordpress-plugin",
            "homepage": "https://wordpress.org/plugins/user-switching/"
        }
    ],
    "packages-dev": [],
    "aliases": [],
    "minimum-stability": "stable",
    "stability-flags": [],
    "prefer-stable": false,
    "prefer-lowest": false,
    "platform": [],
    "platform-dev": []
}
